// !$*UTF8*$!
{
	archiveVersion = 1;
	classes = {
	};
	objectVersion = 55;
	objects = {

/* Begin PBXBuildFile section */
		BA46BFF228375B7F0071DBD4 /* AppDelegate.swift in Sources */ = {isa = PBXBuildFile; fileRef = BA46BFF128375B7F0071DBD4 /* AppDelegate.swift */; };
		BA46BFF428375B7F0071DBD4 /* SceneDelegate.swift in Sources */ = {isa = PBXBuildFile; fileRef = BA46BFF328375B7F0071DBD4 /* SceneDelegate.swift */; };
		BA46BFF628375B7F0071DBD4 /* ViewController.swift in Sources */ = {isa = PBXBuildFile; fileRef = BA46BFF528375B7F0071DBD4 /* ViewController.swift */; };
		BA46BFF928375B7F0071DBD4 /* Main.storyboard in Resources */ = {isa = PBXBuildFile; fileRef = BA46BFF728375B7F0071DBD4 /* Main.storyboard */; };
		BA46BFFB28375B800071DBD4 /* Assets.xcassets in Resources */ = {isa = PBXBuildFile; fileRef = BA46BFFA28375B800071DBD4 /* Assets.xcassets */; };
		BA46BFFE28375B800071DBD4 /* LaunchScreen.storyboard in Resources */ = {isa = PBXBuildFile; fileRef = BA46BFFC28375B800071DBD4 /* LaunchScreen.storyboard */; };
		BA46C00928375B800071DBD4 /* calcuratorTests.swift in Sources */ = {isa = PBXBuildFile; fileRef = BA46C00828375B800071DBD4 /* calcuratorTests.swift */; };
		BA46C01328375B800071DBD4 /* calcuratorUITests.swift in Sources */ = {isa = PBXBuildFile; fileRef = BA46C01228375B800071DBD4 /* calcuratorUITests.swift */; };
		BA46C01528375B800071DBD4 /* calcuratorUITestsLaunchTests.swift in Sources */ = {isa = PBXBuildFile; fileRef = BA46C01428375B800071DBD4 /* calcuratorUITestsLaunchTests.swift */; };
/* End PBXBuildFile section */

/* Begin PBXContainerItemProxy section */
		BA46C00528375B800071DBD4 /* PBXContainerItemProxy */ = {
			isa = PBXContainerItemProxy;
			containerPortal = BA46BFE628375B7F0071DBD4 /* Project object */;
			proxyType = 1;
			remoteGlobalIDString = BA46BFED28375B7F0071DBD4;
			remoteInfo = calcurator;
		};
		BA46C00F28375B800071DBD4 /* PBXContainerItemProxy */ = {
			isa = PBXContainerItemProxy;
			containerPortal = BA46BFE628375B7F0071DBD4 /* Project object */;
			proxyType = 1;
			remoteGlobalIDString = BA46BFED28375B7F0071DBD4;
			remoteInfo = calcurator;
		};
/* End PBXContainerItemProxy section */

/* Begin PBXFileReference section */
		BA46BFEE28375B7F0071DBD4 /* calcurator.app */ = {isa = PBXFileReference; explicitFileType = wrapper.application; includeInIndex = 0; path = calcurator.app; sourceTree = BUILT_PRODUCTS_DIR; };
		BA46BFF128375B7F0071DBD4 /* AppDelegate.swift */ = {isa = PBXFileReference; lastKnownFileType = sourcecode.swift; path = AppDelegate.swift; sourceTree = "<group>"; };
		BA46BFF328375B7F0071DBD4 /* SceneDelegate.swift */ = {isa = PBXFileReference; lastKnownFileType = sourcecode.swift; path = SceneDelegate.swift; sourceTree = "<group>"; };
		BA46BFF528375B7F0071DBD4 /* ViewController.swift */ = {isa = PBXFileReference; lastKnownFileType = sourcecode.swift; path = ViewController.swift; sourceTree = "<group>"; };
		BA46BFF828375B7F0071DBD4 /* Base */ = {isa = PBXFileReference; lastKnownFileType = file.storyboard; name = Base; path = Base.lproj/Main.storyboard; sourceTree = "<group>"; };
		BA46BFFA28375B800071DBD4 /* Assets.xcassets */ = {isa = PBXFileReference; lastKnownFileType = folder.assetcatalog; path = Assets.xcassets; sourceTree = "<group>"; };
		BA46BFFD28375B800071DBD4 /* Base */ = {isa = PBXFileReference; lastKnownFileType = file.storyboard; name = Base; path = Base.lproj/LaunchScreen.storyboard; sourceTree = "<group>"; };
		BA46BFFF28375B800071DBD4 /* Info.plist */ = {isa = PBXFileReference; lastKnownFileType = text.plist.xml; path = Info.plist; sourceTree = "<group>"; };
		BA46C00428375B800071DBD4 /* calcuratorTests.xctest */ = {isa = PBXFileReference; explicitFileType = wrapper.cfbundle; includeInIndex = 0; path = calcuratorTests.xctest; sourceTree = BUILT_PRODUCTS_DIR; };
		BA46C00828375B800071DBD4 /* calcuratorTests.swift */ = {isa = PBXFileReference; lastKnownFileType = sourcecode.swift; path = calcuratorTests.swift; sourceTree = "<group>"; };
		BA46C00E28375B800071DBD4 /* calcuratorUITests.xctest */ = {isa = PBXFileReference; explicitFileType = wrapper.cfbundle; includeInIndex = 0; path = calcuratorUITests.xctest; sourceTree = BUILT_PRODUCTS_DIR; };
		BA46C01228375B800071DBD4 /* calcuratorUITests.swift */ = {isa = PBXFileReference; lastKnownFileType = sourcecode.swift; path = calcuratorUITests.swift; sourceTree = "<group>"; };
		BA46C01428375B800071DBD4 /* calcuratorUITestsLaunchTests.swift */ = {isa = PBXFileReference; lastKnownFileType = sourcecode.swift; path = calcuratorUITestsLaunchTests.swift; sourceTree = "<group>"; };
/* End PBXFileReference section */

/* Begin PBXFrameworksBuildPhase section */
		BA46BFEB28375B7F0071DBD4 /* Frameworks */ = {
			isa = PBXFrameworksBuildPhase;
			buildActionMask = 2147483647;
			files = (
			);
			runOnlyForDeploymentPostprocessing = 0;
		};
		BA46C00128375B800071DBD4 /* Frameworks */ = {
			isa = PBXFrameworksBuildPhase;
			buildActionMask = 2147483647;
			files = (
			);
			runOnlyForDeploymentPostprocessing = 0;
		};
		BA46C00B28375B800071DBD4 /* Frameworks */ = {
			isa = PBXFrameworksBuildPhase;
			buildActionMask = 2147483647;
			files = (
			);
			runOnlyForDeploymentPostprocessing = 0;
		};
/* End PBXFrameworksBuildPhase section */

/* Begin PBXGroup section */
		BA46BFE528375B7F0071DBD4 = {
			isa = PBXGroup;
			children = (
				BA46BFF028375B7F0071DBD4 /* calcurator */,
				BA46C00728375B800071DBD4 /* calcuratorTests */,
				BA46C01128375B800071DBD4 /* calcuratorUITests */,
				BA46BFEF28375B7F0071DBD4 /* Products */,
			);
			sourceTree = "<group>";
		};
		BA46BFEF28375B7F0071DBD4 /* Products */ = {
			isa = PBXGroup;
			children = (
				BA46BFEE28375B7F0071DBD4 /* calcurator.app */,
				BA46C00428375B800071DBD4 /* calcuratorTests.xctest */,
				BA46C00E28375B800071DBD4 /* calcuratorUITests.xctest */,
			);
			name = Products;
			sourceTree = "<group>";
		};
		BA46BFF028375B7F0071DBD4 /* calcurator */ = {
			isa = PBXGroup;
			children = (
				BA46BFF128375B7F0071DBD4 /* AppDelegate.swift */,
				BA46BFF328375B7F0071DBD4 /* SceneDelegate.swift */,
				BA46BFF528375B7F0071DBD4 /* ViewController.swift */,
				BA46BFF728375B7F0071DBD4 /* Main.storyboard */,
				BA46BFFA28375B800071DBD4 /* Assets.xcassets */,
				BA46BFFC28375B800071DBD4 /* LaunchScreen.storyboard */,
				BA46BFFF28375B800071DBD4 /* Info.plist */,
			);
			path = calcurator;
			sourceTree = "<group>";
		};
		BA46C00728375B800071DBD4 /* calcuratorTests */ = {
			isa = PBXGroup;
			children = (
				BA46C00828375B800071DBD4 /* calcuratorTests.swift */,
			);
			path = calcuratorTests;
			sourceTree = "<group>";
		};
		BA46C01128375B800071DBD4 /* calcuratorUITests */ = {
			isa = PBXGroup;
			children = (
				BA46C01228375B800071DBD4 /* calcuratorUITests.swift */,
				BA46C01428375B800071DBD4 /* calcuratorUITestsLaunchTests.swift */,
			);
			path = calcuratorUITests;
			sourceTree = "<group>";
		};
/* End PBXGroup section */

/* Begin PBXNativeTarget section */
		BA46BFED28375B7F0071DBD4 /* calcurator */ = {
			isa = PBXNativeTarget;
			buildConfigurationList = BA46C01828375B800071DBD4 /* Build configuration list for PBXNativeTarget "calcurator" */;
			buildPhases = (
				BA46BFEA28375B7F0071DBD4 /* Sources */,
				BA46BFEB28375B7F0071DBD4 /* Frameworks */,
				BA46BFEC28375B7F0071DBD4 /* Resources */,
			);
			buildRules = (
			);
			dependencies = (
			);
			name = calcurator;
			productName = calcurator;
			productReference = BA46BFEE28375B7F0071DBD4 /* calcurator.app */;
			productType = "com.apple.product-type.application";
		};
		BA46C00328375B800071DBD4 /* calcuratorTests */ = {
			isa = PBXNativeTarget;
			buildConfigurationList = BA46C01B28375B800071DBD4 /* Build configuration list for PBXNativeTarget "calcuratorTests" */;
			buildPhases = (
				BA46C00028375B800071DBD4 /* Sources */,
				BA46C00128375B800071DBD4 /* Frameworks */,
				BA46C00228375B800071DBD4 /* Resources */,
			);
			buildRules = (
			);
			dependencies = (
				BA46C00628375B800071DBD4 /* PBXTargetDependency */,
			);
			name = calcuratorTests;
			productName = calcuratorTests;
			productReference = BA46C00428375B800071DBD4 /* calcuratorTests.xctest */;
			productType = "com.apple.product-type.bundle.unit-test";
		};
		BA46C00D28375B800071DBD4 /* calcuratorUITests */ = {
			isa = PBXNativeTarget;
			buildConfigurationList = BA46C01E28375B800071DBD4 /* Build configuration list for PBXNativeTarget "calcuratorUITests" */;
			buildPhases = (
				BA46C00A28375B800071DBD4 /* Sources */,
				BA46C00B28375B800071DBD4 /* Frameworks */,
				BA46C00C28375B800071DBD4 /* Resources */,
			);
			buildRules = (
			);
			dependencies = (
				BA46C01028375B800071DBD4 /* PBXTargetDependency */,
			);
			name = calcuratorUITests;
			productName = calcuratorUITests;
			productReference = BA46C00E28375B800071DBD4 /* calcuratorUITests.xctest */;
			productType = "com.apple.product-type.bundle.ui-testing";
		};
/* End PBXNativeTarget section */

/* Begin PBXProject section */
		BA46BFE628375B7F0071DBD4 /* Project object */ = {
			isa = PBXProject;
			attributes = {
				BuildIndependentTargetsInParallel = 1;
				LastSwiftUpdateCheck = 1340;
				LastUpgradeCheck = 1340;
				TargetAttributes = {
					BA46BFED28375B7F0071DBD4 = {
						CreatedOnToolsVersion = 13.4;
					};
					BA46C00328375B800071DBD4 = {
						CreatedOnToolsVersion = 13.4;
						TestTargetID = BA46BFED28375B7F0071DBD4;
					};
					BA46C00D28375B800071DBD4 = {
						CreatedOnToolsVersion = 13.4;
						TestTargetID = BA46BFED28375B7F0071DBD4;
					};
				};
			};
			buildConfigurationList = BA46BFE928375B7F0071DBD4 /* Build configuration list for PBXProject "calcurator" */;
			compatibilityVersion = "Xcode 13.0";
			developmentRegion = en;
			hasScannedForEncodings = 0;
			knownRegions = (
				en,
				Base,
			);
			mainGroup = BA46BFE528375B7F0071DBD4;
			productRefGroup = BA46BFEF28375B7F0071DBD4 /* Products */;
			projectDirPath = "";
			projectRoot = "";
			targets = (
				BA46BFED28375B7F0071DBD4 /* calcurator */,
				BA46C00328375B800071DBD4 /* calcuratorTests */,
				BA46C00D28375B800071DBD4 /* calcuratorUITests */,
			);
		};
/* End PBXProject section */

/* Begin PBXResourcesBuildPhase section */
		BA46BFEC28375B7F0071DBD4 /* Resources */ = {
			isa = PBXResourcesBuildPhase;
			buildActionMask = 2147483647;
			files = (
				BA46BFFE28375B800071DBD4 /* LaunchScreen.storyboard in Resources */,
				BA46BFFB28375B800071DBD4 /* Assets.xcassets in Resources */,
				BA46BFF928375B7F0071DBD4 /* Main.storyboard in Resources */,
			);
			runOnlyForDeploymentPostprocessing = 0;
		};
		BA46C00228375B800071DBD4 /* Resources */ = {
			isa = PBXResourcesBuildPhase;
			buildActionMask = 2147483647;
			files = (
			);
			runOnlyForDeploymentPostprocessing = 0;
		};
		BA46C00C28375B800071DBD4 /* Resources */ = {
			isa = PBXResourcesBuildPhase;
			buildActionMask = 2147483647;
			files = (
			);
			runOnlyForDeploymentPostprocessing = 0;
		};
/* End PBXResourcesBuildPhase section */

/* Begin PBXSourcesBuildPhase section */
		BA46BFEA28375B7F0071DBD4 /* Sources */ = {
			isa = PBXSourcesBuildPhase;
			buildActionMask = 2147483647;
			files = (
				BA46BFF628375B7F0071DBD4 /* ViewController.swift in Sources */,
				BA46BFF228375B7F0071DBD4 /* AppDelegate.swift in Sources */,
				BA46BFF428375B7F0071DBD4 /* SceneDelegate.swift in Sources */,
			);
			runOnlyForDeploymentPostprocessing = 0;
		};
		BA46C00028375B800071DBD4 /* Sources */ = {
			isa = PBXSourcesBuildPhase;
			buildActionMask = 2147483647;
			files = (
				BA46C00928375B800071DBD4 /* calcuratorTests.swift in Sources */,
			);
			runOnlyForDeploymentPostprocessing = 0;
		};
		BA46C00A28375B800071DBD4 /* Sources */ = {
			isa = PBXSourcesBuildPhase;
			buildActionMask = 2147483647;
			files = (
				BA46C01528375B800071DBD4 /* calcuratorUITestsLaunchTests.swift in Sources */,
				BA46C01328375B800071DBD4 /* calcuratorUITests.swift in Sources */,
			);
			runOnlyForDeploymentPostprocessing = 0;
		};
/* End PBXSourcesBuildPhase section */

/* Begin PBXTargetDependency section */
		BA46C00628375B800071DBD4 /* PBXTargetDependency */ = {
			isa = PBXTargetDependency;
			target = BA46BFED28375B7F0071DBD4 /* calcurator */;
			targetProxy = BA46C00528375B800071DBD4 /* PBXContainerItemProxy */;
		};
		BA46C01028375B800071DBD4 /* PBXTargetDependency */ = {
			isa = PBXTargetDependency;
			target = BA46BFED28375B7F0071DBD4 /* calcurator */;
			targetProxy = BA46C00F28375B800071DBD4 /* PBXContainerItemProxy */;
		};
/* End PBXTargetDependency section */

/* Begin PBXVariantGroup section */
		BA46BFF728375B7F0071DBD4 /* Main.storyboard */ = {
			isa = PBXVariantGroup;
			children = (
				BA46BFF828375B7F0071DBD4 /* Base */,
			);
			name = Main.storyboard;
			sourceTree = "<group>";
		};
		BA46BFFC28375B800071DBD4 /* LaunchScreen.storyboard */ = {
			isa = PBXVariantGroup;
			children = (
				BA46BFFD28375B800071DBD4 /* Base */,
			);
			name = LaunchScreen.storyboard;
			sourceTree = "<group>";
		};
/* End PBXVariantGroup section */

/* Begin XCBuildConfiguration section */
		BA46C01628375B800071DBD4 /* Debug */ = {
			isa = XCBuildConfiguration;
			buildSettings = {
				ALWAYS_SEARCH_USER_PATHS = NO;
				CLANG_ANALYZER_NONNULL = YES;
				CLANG_ANALYZER_NUMBER_OBJECT_CONVERSION = YES_AGGRESSIVE;
				CLANG_CXX_LANGUAGE_STANDARD = "gnu++17";
				CLANG_ENABLE_MODULES = YES;
				CLANG_ENABLE_OBJC_ARC = YES;
				CLANG_ENABLE_OBJC_WEAK = YES;
				CLANG_WARN_BLOCK_CAPTURE_AUTORELEASING = YES;
				CLANG_WARN_BOOL_CONVERSION = YES;
				CLANG_WARN_COMMA = YES;
				CLANG_WARN_CONSTANT_CONVERSION = YES;
				CLANG_WARN_DEPRECATED_OBJC_IMPLEMENTATIONS = YES;
				CLANG_WARN_DIRECT_OBJC_ISA_USAGE = YES_ERROR;
				CLANG_WARN_DOCUMENTATION_COMMENTS = YES;
				CLANG_WARN_EMPTY_BODY = YES;
				CLANG_WARN_ENUM_CONVERSION = YES;
				CLANG_WARN_INFINITE_RECURSION = YES;
				CLANG_WARN_INT_CONVERSION = YES;
				CLANG_WARN_NON_LITERAL_NULL_CONVERSION = YES;
				CLANG_WARN_OBJC_IMPLICIT_RETAIN_SELF = YES;
				CLANG_WARN_OBJC_LITERAL_CONVERSION = YES;
				CLANG_WARN_OBJC_ROOT_CLASS = YES_ERROR;
				CLANG_WARN_QUOTED_INCLUDE_IN_FRAMEWORK_HEADER = YES;
				CLANG_WARN_RANGE_LOOP_ANALYSIS = YES;
				CLANG_WARN_STRICT_PROTOTYPES = YES;
				CLANG_WARN_SUSPICIOUS_MOVE = YES;
				CLANG_WARN_UNGUARDED_AVAILABILITY = YES_AGGRESSIVE;
				CLANG_WARN_UNREACHABLE_CODE = YES;
				CLANG_WARN__DUPLICATE_METHOD_MATCH = YES;
				COPY_PHASE_STRIP = NO;
				DEBUG_INFORMATION_FORMAT = dwarf;
				ENABLE_STRICT_OBJC_MSGSEND = YES;
				ENABLE_TESTABILITY = YES;
				GCC_C_LANGUAGE_STANDARD = gnu11;
				GCC_DYNAMIC_NO_PIC = NO;
				GCC_NO_COMMON_BLOCKS = YES;
				GCC_OPTIMIZATION_LEVEL = 0;
				GCC_PREPROCESSOR_DEFINITIONS = (
					"DEBUG=1",
					"$(inherited)",
				);
				GCC_WARN_64_TO_32_BIT_CONVERSION = YES;
				GCC_WARN_ABOUT_RETURN_TYPE = YES_ERROR;
				GCC_WARN_UNDECLARED_SELECTOR = YES;
				GCC_WARN_UNINITIALIZED_AUTOS = YES_AGGRESSIVE;
				GCC_WARN_UNUSED_FUNCTION = YES;
				GCC_WARN_UNUSED_VARIABLE = YES;
				IPHONEOS_DEPLOYMENT_TARGET = 15.5;
				MTL_ENABLE_DEBUG_INFO = INCLUDE_SOURCE;
				MTL_FAST_MATH = YES;
				ONLY_ACTIVE_ARCH = YES;
				SDKROOT = iphoneos;
				SWIFT_ACTIVE_COMPILATION_CONDITIONS = DEBUG;
				SWIFT_OPTIMIZATION_LEVEL = "-Onone";
			};
			name = Debug;
		};
		BA46C01728375B800071DBD4 /* Release */ = {
			isa = XCBuildConfiguration;
			buildSettings = {
				ALWAYS_SEARCH_USER_PATHS = NO;
				CLANG_ANALYZER_NONNULL = YES;
				CLANG_ANALYZER_NUMBER_OBJECT_CONVERSION = YES_AGGRESSIVE;
				CLANG_CXX_LANGUAGE_STANDARD = "gnu++17";
				CLANG_ENABLE_MODULES = YES;
				CLANG_ENABLE_OBJC_ARC = YES;
				CLANG_ENABLE_OBJC_WEAK = YES;
				CLANG_WARN_BLOCK_CAPTURE_AUTORELEASING = YES;
				CLANG_WARN_BOOL_CONVERSION = YES;
				CLANG_WARN_COMMA = YES;
				CLANG_WARN_CONSTANT_CONVERSION = YES;
				CLANG_WARN_DEPRECATED_OBJC_IMPLEMENTATIONS = YES;
				CLANG_WARN_DIRECT_OBJC_ISA_USAGE = YES_ERROR;
				CLANG_WARN_DOCUMENTATION_COMMENTS = YES;
				CLANG_WARN_EMPTY_BODY = YES;
				CLANG_WARN_ENUM_CONVERSION = YES;
				CLANG_WARN_INFINITE_RECURSION = YES;
				CLANG_WARN_INT_CONVERSION = YES;
				CLANG_WARN_NON_LITERAL_NULL_CONVERSION = YES;
				CLANG_WARN_OBJC_IMPLICIT_RETAIN_SELF = YES;
				CLANG_WARN_OBJC_LITERAL_CONVERSION = YES;
				CLANG_WARN_OBJC_ROOT_CLASS = YES_ERROR;
				CLANG_WARN_QUOTED_INCLUDE_IN_FRAMEWORK_HEADER = YES;
				CLANG_WARN_RANGE_LOOP_ANALYSIS = YES;
				CLANG_WARN_STRICT_PROTOTYPES = YES;
				CLANG_WARN_SUSPICIOUS_MOVE = YES;
				CLANG_WARN_UNGUARDED_AVAILABILITY = YES_AGGRESSIVE;
				CLANG_WARN_UNREACHABLE_CODE = YES;
				CLANG_WARN__DUPLICATE_METHOD_MATCH = YES;
				COPY_PHASE_STRIP = NO;
				DEBUG_INFORMATION_FORMAT = "dwarf-with-dsym";
				ENABLE_NS_ASSERTIONS = NO;
				ENABLE_STRICT_OBJC_MSGSEND = YES;
				GCC_C_LANGUAGE_STANDARD = gnu11;
				GCC_NO_COMMON_BLOCKS = YES;
				GCC_WARN_64_TO_32_BIT_CONVERSION = YES;
				GCC_WARN_ABOUT_RETURN_TYPE = YES_ERROR;
				GCC_WARN_UNDECLARED_SELECTOR = YES;
				GCC_WARN_UNINITIALIZED_AUTOS = YES_AGGRESSIVE;
				GCC_WARN_UNUSED_FUNCTION = YES;
				GCC_WARN_UNUSED_VARIABLE = YES;
				IPHONEOS_DEPLOYMENT_TARGET = 15.5;
				MTL_ENABLE_DEBUG_INFO = NO;
				MTL_FAST_MATH = YES;
				SDKROOT = iphoneos;
				SWIFT_COMPILATION_MODE = wholemodule;
				SWIFT_OPTIMIZATION_LEVEL = "-O";
				VALIDATE_PRODUCT = YES;
			};
			name = Release;
		};
		BA46C01928375B800071DBD4 /* Debug */ = {
			isa = XCBuildConfiguration;
			buildSettings = {
				ASSETCATALOG_COMPILER_APPICON_NAME = AppIcon;
				ASSETCATALOG_COMPILER_GLOBAL_ACCENT_COLOR_NAME = AccentColor;
				CODE_SIGN_STYLE = Automatic;
				CURRENT_PROJECT_VERSION = 1;
				DEVELOPMENT_TEAM = VYAAXRZFXH;
				GENERATE_INFOPLIST_FILE = YES;
				INFOPLIST_FILE = calcurator/Info.plist;
				INFOPLIST_KEY_UIApplicationSupportsIndirectInputEvents = YES;
				INFOPLIST_KEY_UILaunchStoryboardName = LaunchScreen;
				INFOPLIST_KEY_UIMainStoryboardFile = Main;
				INFOPLIST_KEY_UISupportedInterfaceOrientations_iPad = "UIInterfaceOrientationPortrait UIInterfaceOrientationPortraitUpsideDown UIInterfaceOrientationLandscapeLeft UIInterfaceOrientationLandscapeRight";
				INFOPLIST_KEY_UISupportedInterfaceOrientations_iPhone = "UIInterfaceOrientationPortrait UIInterfaceOrientationLandscapeLeft UIInterfaceOrientationLandscapeRight";
				LD_RUNPATH_SEARCH_PATHS = (
					"$(inherited)",
					"@executable_path/Frameworks",
				);
				MARKETING_VERSION = 1.0;
				PRODUCT_BUNDLE_IDENTIFIER = com.badger.calcurator;
				PRODUCT_NAME = "$(TARGET_NAME)";
				SWIFT_EMIT_LOC_STRINGS = YES;
				SWIFT_VERSION = 5.0;
				TARGETED_DEVICE_FAMILY = "1,2";
			};
			name = Debug;
		};
		BA46C01A28375B800071DBD4 /* Release */ = {
			isa = XCBuildConfiguration;
			buildSettings = {
				ASSETCATALOG_COMPILER_APPICON_NAME = AppIcon;
				ASSETCATALOG_COMPILER_GLOBAL_ACCENT_COLOR_NAME = AccentColor;
				CODE_SIGN_STYLE = Automatic;
				CURRENT_PROJECT_VERSION = 1;
				DEVELOPMENT_TEAM = VYAAXRZFXH;
				GENERATE_INFOPLIST_FILE = YES;
				INFOPLIST_FILE = calcurator/Info.plist;
				INFOPLIST_KEY_UIApplicationSupportsIndirectInputEvents = YES;
				INFOPLIST_KEY_UILaunchStoryboardName = LaunchScreen;
				INFOPLIST_KEY_UIMainStoryboardFile = Main;
				INFOPLIST_KEY_UISupportedInterfaceOrientations_iPad = "UIInterfaceOrientationPortrait UIInterfaceOrientationPortraitUpsideDown UIInterfaceOrientationLandscapeLeft UIInterfaceOrientationLandscapeRight";
				INFOPLIST_KEY_UISupportedInterfaceOrientations_iPhone = "UIInterfaceOrientationPortrait UIInterfaceOrientationLandscapeLeft UIInterfaceOrientationLandscapeRight";
				LD_RUNPATH_SEARCH_PATHS = (
					"$(inherited)",
					"@executable_path/Frameworks",
				);
				MARKETING_VERSION = 1.0;
				PRODUCT_BUNDLE_IDENTIFIER = com.badger.calcurator;
				PRODUCT_NAME = "$(TARGET_NAME)";
				SWIFT_EMIT_LOC_STRINGS = YES;
				SWIFT_VERSION = 5.0;
				TARGETED_DEVICE_FAMILY = "1,2";
			};
			name = Release;
		};
		BA46C01C28375B800071DBD4 /* Debug */ = {
			isa = XCBuildConfiguration;
			buildSettings = {
				ALWAYS_EMBED_SWIFT_STANDARD_LIBRARIES = YES;
				BUNDLE_LOADER = "$(TEST_HOST)";
				CODE_SIGN_STYLE = Automatic;
				CURRENT_PROJECT_VERSION = 1;
				DEVELOPMENT_TEAM = VYAAXRZFXH;
				GENERATE_INFOPLIST_FILE = YES;
				IPHONEOS_DEPLOYMENT_TARGET = 15.5;
				MARKETING_VERSION = 1.0;
				PRODUCT_BUNDLE_IDENTIFIER = com.badger.calcuratorTests;
				PRODUCT_NAME = "$(TARGET_NAME)";
				SWIFT_EMIT_LOC_STRINGS = NO;
				SWIFT_VERSION = 5.0;
				TARGETED_DEVICE_FAMILY = "1,2";
				TEST_HOST = "$(BUILT_PRODUCTS_DIR)/calcurator.app/calcurator";
			};
			name = Debug;
		};
		BA46C01D28375B800071DBD4 /* Release */ = {
			isa = XCBuildConfiguration;
			buildSettings = {
				ALWAYS_EMBED_SWIFT_STANDARD_LIBRARIES = YES;
				BUNDLE_LOADER = "$(TEST_HOST)";
				CODE_SIGN_STYLE = Automatic;
				CURRENT_PROJECT_VERSION = 1;
				DEVELOPMENT_TEAM = VYAAXRZFXH;
				GENERATE_INFOPLIST_FILE = YES;
				IPHONEOS_DEPLOYMENT_TARGET = 15.5;
				MARKETING_VERSION = 1.0;
				PRODUCT_BUNDLE_IDENTIFIER = com.badger.calcuratorTests;
				PRODUCT_NAME = "$(TARGET_NAME)";
				SWIFT_EMIT_LOC_STRINGS = NO;
				SWIFT_VERSION = 5.0;
				TARGETED_DEVICE_FAMILY = "1,2";
				TEST_HOST = "$(BUILT_PRODUCTS_DIR)/calcurator.app/calcurator";
			};
			name = Release;
		};
		BA46C01F28375B800071DBD4 /* Debug */ = {
			isa = XCBuildConfiguration;
			buildSettings = {
				ALWAYS_EMBED_SWIFT_STANDARD_LIBRARIES = YES;
				CODE_SIGN_STYLE = Automatic;
				CURRENT_PROJECT_VERSION = 1;
				DEVELOPMENT_TEAM = VYAAXRZFXH;
				GENERATE_INFOPLIST_FILE = YES;
				MARKETING_VERSION = 1.0;
				PRODUCT_BUNDLE_IDENTIFIER = com.badger.calcuratorUITests;
				PRODUCT_NAME = "$(TARGET_NAME)";
				SWIFT_EMIT_LOC_STRINGS = NO;
				SWIFT_VERSION = 5.0;
				TARGETED_DEVICE_FAMILY = "1,2";
				TEST_TARGET_NAME = calcurator;
			};
			name = Debug;
		};
		BA46C02028375B800071DBD4 /* Release */ = {
			isa = XCBuildConfiguration;
			buildSettings = {
				ALWAYS_EMBED_SWIFT_STANDARD_LIBRARIES = YES;
				CODE_SIGN_STYLE = Automatic;
				CURRENT_PROJECT_VERSION = 1;
				DEVELOPMENT_TEAM = VYAAXRZFXH;
				GENERATE_INFOPLIST_FILE = YES;
				MARKETING_VERSION = 1.0;
				PRODUCT_BUNDLE_IDENTIFIER = com.badger.calcuratorUITests;
				PRODUCT_NAME = "$(TARGET_NAME)";
				SWIFT_EMIT_LOC_STRINGS = NO;
				SWIFT_VERSION = 5.0;
				TARGETED_DEVICE_FAMILY = "1,2";
				TEST_TARGET_NAME = calcurator;
			};
			name = Release;
		};
/* End XCBuildConfiguration section */

/* Begin XCConfigurationList section */
		BA46BFE928375B7F0071DBD4 /* Build configuration list for PBXProject "calcurator" */ = {
			isa = XCConfigurationList;
			buildConfigurations = (
				BA46C01628375B800071DBD4 /* Debug */,
				BA46C01728375B800071DBD4 /* Release */,
			);
			defaultConfigurationIsVisible = 0;
			defaultConfigurationName = Release;
		};
		BA46C01828375B800071DBD4 /* Build configuration list for PBXNativeTarget "calcurator" */ = {
			isa = XCConfigurationList;
			buildConfigurations = (
				BA46C01928375B800071DBD4 /* Debug */,
				BA46C01A28375B800071DBD4 /* Release */,
			);
			defaultConfigurationIsVisible = 0;
			defaultConfigurationName = Release;
		};
		BA46C01B28375B800071DBD4 /* Build configuration list for PBXNativeTarget "calcuratorTests" */ = {
			isa = XCConfigurationList;
			buildConfigurations = (
				BA46C01C28375B800071DBD4 /* Debug */,
				BA46C01D28375B800071DBD4 /* Release */,
			);
			defaultConfigurationIsVisible = 0;
			defaultConfigurationName = Release;
		};
		BA46C01E28375B800071DBD4 /* Build configuration list for PBXNativeTarget "calcuratorUITests" */ = {
			isa = XCConfigurationList;
			buildConfigurations = (
				BA46C01F28375B800071DBD4 /* Debug */,
				BA46C02028375B800071DBD4 /* Release */,
			);
			defaultConfigurationIsVisible = 0;
			defaultConfigurationName = Release;
		};
/* End XCConfigurationList section */
	};
	rootObject = BA46BFE628375B7F0071DBD4 /* Project object */;
}
