// !$*UTF8*$!
{
	archiveVersion = 1;
	classes = {
	};
	objectVersion = 55;
	objects = {

/* Begin PBXBuildFile section */
		BA3FC30428377F9500D3CC8E /* calculatorApp.swift in Sources */ = {isa = PBXBuildFile; fileRef = BA3FC30328377F9500D3CC8E /* calculatorApp.swift */; };
		BA3FC30628377F9500D3CC8E /* ContentView.swift in Sources */ = {isa = PBXBuildFile; fileRef = BA3FC30528377F9500D3CC8E /* ContentView.swift */; };
		BA3FC30828377F9600D3CC8E /* Assets.xcassets in Resources */ = {isa = PBXBuildFile; fileRef = BA3FC30728377F9600D3CC8E /* Assets.xcassets */; };
		BA3FC30B28377F9600D3CC8E /* Preview Assets.xcassets in Resources */ = {isa = PBXBuildFile; fileRef = BA3FC30A28377F9600D3CC8E /* Preview Assets.xcassets */; };
		BA3FC31528377F9600D3CC8E /* calculatorTests.swift in Sources */ = {isa = PBXBuildFile; fileRef = BA3FC31428377F9600D3CC8E /* calculatorTests.swift */; };
		BA3FC31F28377F9600D3CC8E /* calculatorUITests.swift in Sources */ = {isa = PBXBuildFile; fileRef = BA3FC31E28377F9600D3CC8E /* calculatorUITests.swift */; };
		BA3FC32128377F9600D3CC8E /* calculatorUITestsLaunchTests.swift in Sources */ = {isa = PBXBuildFile; fileRef = BA3FC32028377F9600D3CC8E /* calculatorUITestsLaunchTests.swift */; };
		BA3FC32F283785AB00D3CC8E /* ButtonList0to=.swift in Sources */ = {isa = PBXBuildFile; fileRef = BA3FC32E283785AB00D3CC8E /* ButtonList0to=.swift */; };
		BA3FC3312837889E00D3CC8E /* ButtonList1to+.swift in Sources */ = {isa = PBXBuildFile; fileRef = BA3FC3302837889E00D3CC8E /* ButtonList1to+.swift */; };
		BA3FC333283789F800D3CC8E /* ButtonList4to-.swift in Sources */ = {isa = PBXBuildFile; fileRef = BA3FC332283789F800D3CC8E /* ButtonList4to-.swift */; };
		BA3FC33728378A1E00D3CC8E /* ButtonList7to*.swift in Sources */ = {isa = PBXBuildFile; fileRef = BA3FC33628378A1E00D3CC8E /* ButtonList7to*.swift */; };
		BA3FC33928378B0800D3CC8E /* ButtonListActo:.swift in Sources */ = {isa = PBXBuildFile; fileRef = BA3FC33828378B0800D3CC8E /* ButtonListActo:.swift */; };
		BA3FC33C28378EE900D3CC8E /* CalculatedPage.swift in Sources */ = {isa = PBXBuildFile; fileRef = BA3FC33B28378EE900D3CC8E /* CalculatedPage.swift */; };
		BA55C59F283E699800F46146 /* calculator2.swift in Sources */ = {isa = PBXBuildFile; fileRef = BA55C59E283E699800F46146 /* calculator2.swift */; };
		BAE763AF283791AC003C30D3 /* CalculatorDataSheet.swift in Sources */ = {isa = PBXBuildFile; fileRef = BAE763AE283791AC003C30D3 /* CalculatorDataSheet.swift */; };
/* End PBXBuildFile section */

/* Begin PBXContainerItemProxy section */
		BA3FC31128377F9600D3CC8E /* PBXContainerItemProxy */ = {
			isa = PBXContainerItemProxy;
			containerPortal = BA3FC2F828377F9500D3CC8E /* Project object */;
			proxyType = 1;
			remoteGlobalIDString = BA3FC2FF28377F9500D3CC8E;
			remoteInfo = calculator;
		};
		BA3FC31B28377F9600D3CC8E /* PBXContainerItemProxy */ = {
			isa = PBXContainerItemProxy;
			containerPortal = BA3FC2F828377F9500D3CC8E /* Project object */;
			proxyType = 1;
			remoteGlobalIDString = BA3FC2FF28377F9500D3CC8E;
			remoteInfo = calculator;
		};
/* End PBXContainerItemProxy section */

/* Begin PBXFileReference section */
		BA3FC30028377F9500D3CC8E /* calculator.app */ = {isa = PBXFileReference; explicitFileType = wrapper.application; includeInIndex = 0; path = calculator.app; sourceTree = BUILT_PRODUCTS_DIR; };
		BA3FC30328377F9500D3CC8E /* calculatorApp.swift */ = {isa = PBXFileReference; lastKnownFileType = sourcecode.swift; path = calculatorApp.swift; sourceTree = "<group>"; };
		BA3FC30528377F9500D3CC8E /* ContentView.swift */ = {isa = PBXFileReference; lastKnownFileType = sourcecode.swift; path = ContentView.swift; sourceTree = "<group>"; };
		BA3FC30728377F9600D3CC8E /* Assets.xcassets */ = {isa = PBXFileReference; lastKnownFileType = folder.assetcatalog; path = Assets.xcassets; sourceTree = "<group>"; };
		BA3FC30A28377F9600D3CC8E /* Preview Assets.xcassets */ = {isa = PBXFileReference; lastKnownFileType = folder.assetcatalog; path = "Preview Assets.xcassets"; sourceTree = "<group>"; };
		BA3FC31028377F9600D3CC8E /* calculatorTests.xctest */ = {isa = PBXFileReference; explicitFileType = wrapper.cfbundle; includeInIndex = 0; path = calculatorTests.xctest; sourceTree = BUILT_PRODUCTS_DIR; };
		BA3FC31428377F9600D3CC8E /* calculatorTests.swift */ = {isa = PBXFileReference; lastKnownFileType = sourcecode.swift; path = calculatorTests.swift; sourceTree = "<group>"; };
		BA3FC31A28377F9600D3CC8E /* calculatorUITests.xctest */ = {isa = PBXFileReference; explicitFileType = wrapper.cfbundle; includeInIndex = 0; path = calculatorUITests.xctest; sourceTree = BUILT_PRODUCTS_DIR; };
		BA3FC31E28377F9600D3CC8E /* calculatorUITests.swift */ = {isa = PBXFileReference; lastKnownFileType = sourcecode.swift; path = calculatorUITests.swift; sourceTree = "<group>"; };
		BA3FC32028377F9600D3CC8E /* calculatorUITestsLaunchTests.swift */ = {isa = PBXFileReference; lastKnownFileType = sourcecode.swift; path = calculatorUITestsLaunchTests.swift; sourceTree = "<group>"; };
		BA3FC32E283785AB00D3CC8E /* ButtonList0to=.swift */ = {isa = PBXFileReference; lastKnownFileType = sourcecode.swift; path = "ButtonList0to=.swift"; sourceTree = "<group>"; };
		BA3FC3302837889E00D3CC8E /* ButtonList1to+.swift */ = {isa = PBXFileReference; lastKnownFileType = sourcecode.swift; path = "ButtonList1to+.swift"; sourceTree = "<group>"; };
		BA3FC332283789F800D3CC8E /* ButtonList4to-.swift */ = {isa = PBXFileReference; lastKnownFileType = sourcecode.swift; path = "ButtonList4to-.swift"; sourceTree = "<group>"; };
		BA3FC33628378A1E00D3CC8E /* ButtonList7to*.swift */ = {isa = PBXFileReference; lastKnownFileType = sourcecode.swift; path = "ButtonList7to*.swift"; sourceTree = "<group>"; };
		BA3FC33828378B0800D3CC8E /* ButtonListActo:.swift */ = {isa = PBXFileReference; lastKnownFileType = sourcecode.swift; path = "ButtonListActo:.swift"; sourceTree = "<group>"; };
		BA3FC33B28378EE900D3CC8E /* CalculatedPage.swift */ = {isa = PBXFileReference; lastKnownFileType = sourcecode.swift; path = CalculatedPage.swift; sourceTree = "<group>"; };
		BA55C59E283E699800F46146 /* calculator2.swift */ = {isa = PBXFileReference; lastKnownFileType = sourcecode.swift; path = calculator2.swift; sourceTree = "<group>"; };
		BAE763AE283791AC003C30D3 /* CalculatorDataSheet.swift */ = {isa = PBXFileReference; lastKnownFileType = sourcecode.swift; path = CalculatorDataSheet.swift; sourceTree = "<group>"; };
/* End PBXFileReference section */

/* Begin PBXFrameworksBuildPhase section */
		BA3FC2FD28377F9500D3CC8E /* Frameworks */ = {
			isa = PBXFrameworksBuildPhase;
			buildActionMask = 2147483647;
			files = (
			);
			runOnlyForDeploymentPostprocessing = 0;
		};
		BA3FC30D28377F9600D3CC8E /* Frameworks */ = {
			isa = PBXFrameworksBuildPhase;
			buildActionMask = 2147483647;
			files = (
			);
			runOnlyForDeploymentPostprocessing = 0;
		};
		BA3FC31728377F9600D3CC8E /* Frameworks */ = {
			isa = PBXFrameworksBuildPhase;
			buildActionMask = 2147483647;
			files = (
			);
			runOnlyForDeploymentPostprocessing = 0;
		};
/* End PBXFrameworksBuildPhase section */

/* Begin PBXGroup section */
		BA3FC2F728377F9500D3CC8E = {
			isa = PBXGroup;
			children = (
				BA3FC30228377F9500D3CC8E /* calculator */,
				BA3FC31328377F9600D3CC8E /* calculatorTests */,
				BA3FC31D28377F9600D3CC8E /* calculatorUITests */,
				BA3FC30128377F9500D3CC8E /* Products */,
			);
			sourceTree = "<group>";
		};
		BA3FC30128377F9500D3CC8E /* Products */ = {
			isa = PBXGroup;
			children = (
				BA3FC30028377F9500D3CC8E /* calculator.app */,
				BA3FC31028377F9600D3CC8E /* calculatorTests.xctest */,
				BA3FC31A28377F9600D3CC8E /* calculatorUITests.xctest */,
			);
			name = Products;
			sourceTree = "<group>";
		};
		BA3FC30228377F9500D3CC8E /* calculator */ = {
			isa = PBXGroup;
			children = (
				BAE763AE283791AC003C30D3 /* CalculatorDataSheet.swift */,
				BA3FC33A28378EA600D3CC8E /* CalculatedPage */,
				BA3FC32D2837857300D3CC8E /* calculatorButton */,
				BA3FC30328377F9500D3CC8E /* calculatorApp.swift */,
				BA3FC30528377F9500D3CC8E /* ContentView.swift */,
				BA3FC30728377F9600D3CC8E /* Assets.xcassets */,
				BA3FC30928377F9600D3CC8E /* Preview Content */,
			);
			path = calculator;
			sourceTree = "<group>";
		};
		BA3FC30928377F9600D3CC8E /* Preview Content */ = {
			isa = PBXGroup;
			children = (
				BA3FC30A28377F9600D3CC8E /* Preview Assets.xcassets */,
			);
			path = "Preview Content";
			sourceTree = "<group>";
		};
		BA3FC31328377F9600D3CC8E /* calculatorTests */ = {
			isa = PBXGroup;
			children = (
				BA3FC31428377F9600D3CC8E /* calculatorTests.swift */,
			);
			path = calculatorTests;
			sourceTree = "<group>";
		};
		BA3FC31D28377F9600D3CC8E /* calculatorUITests */ = {
			isa = PBXGroup;
			children = (
				BA3FC31E28377F9600D3CC8E /* calculatorUITests.swift */,
				BA3FC32028377F9600D3CC8E /* calculatorUITestsLaunchTests.swift */,
			);
			path = calculatorUITests;
			sourceTree = "<group>";
		};
		BA3FC32D2837857300D3CC8E /* calculatorButton */ = {
			isa = PBXGroup;
			children = (
				BA3FC32E283785AB00D3CC8E /* ButtonList0to=.swift */,
				BA3FC3302837889E00D3CC8E /* ButtonList1to+.swift */,
				BA55C59E283E699800F46146 /* calculator2.swift */,
				BA3FC332283789F800D3CC8E /* ButtonList4to-.swift */,
				BA3FC33628378A1E00D3CC8E /* ButtonList7to*.swift */,
				BA3FC33828378B0800D3CC8E /* ButtonListActo:.swift */,
			);
			path = calculatorButton;
			sourceTree = "<group>";
		};
		BA3FC33A28378EA600D3CC8E /* CalculatedPage */ = {
			isa = PBXGroup;
			children = (
				BA3FC33B28378EE900D3CC8E /* CalculatedPage.swift */,
			);
			path = CalculatedPage;
			sourceTree = "<group>";
		};
/* End PBXGroup section */

/* Begin PBXNativeTarget section */
		BA3FC2FF28377F9500D3CC8E /* calculator */ = {
			isa = PBXNativeTarget;
			buildConfigurationList = BA3FC32428377F9600D3CC8E /* Build configuration list for PBXNativeTarget "calculator" */;
			buildPhases = (
				BA3FC2FC28377F9500D3CC8E /* Sources */,
				BA3FC2FD28377F9500D3CC8E /* Frameworks */,
				BA3FC2FE28377F9500D3CC8E /* Resources */,
			);
			buildRules = (
			);
			dependencies = (
			);
			name = calculator;
			productName = calculator;
			productReference = BA3FC30028377F9500D3CC8E /* calculator.app */;
			productType = "com.apple.product-type.application";
		};
		BA3FC30F28377F9600D3CC8E /* calculatorTests */ = {
			isa = PBXNativeTarget;
			buildConfigurationList = BA3FC32728377F9600D3CC8E /* Build configuration list for PBXNativeTarget "calculatorTests" */;
			buildPhases = (
				BA3FC30C28377F9600D3CC8E /* Sources */,
				BA3FC30D28377F9600D3CC8E /* Frameworks */,
				BA3FC30E28377F9600D3CC8E /* Resources */,
			);
			buildRules = (
			);
			dependencies = (
				BA3FC31228377F9600D3CC8E /* PBXTargetDependency */,
			);
			name = calculatorTests;
			productName = calculatorTests;
			productReference = BA3FC31028377F9600D3CC8E /* calculatorTests.xctest */;
			productType = "com.apple.product-type.bundle.unit-test";
		};
		BA3FC31928377F9600D3CC8E /* calculatorUITests */ = {
			isa = PBXNativeTarget;
			buildConfigurationList = BA3FC32A28377F9600D3CC8E /* Build configuration list for PBXNativeTarget "calculatorUITests" */;
			buildPhases = (
				BA3FC31628377F9600D3CC8E /* Sources */,
				BA3FC31728377F9600D3CC8E /* Frameworks */,
				BA3FC31828377F9600D3CC8E /* Resources */,
			);
			buildRules = (
			);
			dependencies = (
				BA3FC31C28377F9600D3CC8E /* PBXTargetDependency */,
			);
			name = calculatorUITests;
			productName = calculatorUITests;
			productReference = BA3FC31A28377F9600D3CC8E /* calculatorUITests.xctest */;
			productType = "com.apple.product-type.bundle.ui-testing";
		};
/* End PBXNativeTarget section */

/* Begin PBXProject section */
		BA3FC2F828377F9500D3CC8E /* Project object */ = {
			isa = PBXProject;
			attributes = {
				BuildIndependentTargetsInParallel = 1;
				LastSwiftUpdateCheck = 1340;
				LastUpgradeCheck = 1340;
				TargetAttributes = {
					BA3FC2FF28377F9500D3CC8E = {
						CreatedOnToolsVersion = 13.4;
					};
					BA3FC30F28377F9600D3CC8E = {
						CreatedOnToolsVersion = 13.4;
						TestTargetID = BA3FC2FF28377F9500D3CC8E;
					};
					BA3FC31928377F9600D3CC8E = {
						CreatedOnToolsVersion = 13.4;
						TestTargetID = BA3FC2FF28377F9500D3CC8E;
					};
				};
			};
			buildConfigurationList = BA3FC2FB28377F9500D3CC8E /* Build configuration list for PBXProject "calculator" */;
			compatibilityVersion = "Xcode 13.0";
			developmentRegion = en;
			hasScannedForEncodings = 0;
			knownRegions = (
				en,
				Base,
			);
			mainGroup = BA3FC2F728377F9500D3CC8E;
			productRefGroup = BA3FC30128377F9500D3CC8E /* Products */;
			projectDirPath = "";
			projectRoot = "";
			targets = (
				BA3FC2FF28377F9500D3CC8E /* calculator */,
				BA3FC30F28377F9600D3CC8E /* calculatorTests */,
				BA3FC31928377F9600D3CC8E /* calculatorUITests */,
			);
		};
/* End PBXProject section */

/* Begin PBXResourcesBuildPhase section */
		BA3FC2FE28377F9500D3CC8E /* Resources */ = {
			isa = PBXResourcesBuildPhase;
			buildActionMask = 2147483647;
			files = (
				BA3FC30B28377F9600D3CC8E /* Preview Assets.xcassets in Resources */,
				BA3FC30828377F9600D3CC8E /* Assets.xcassets in Resources */,
			);
			runOnlyForDeploymentPostprocessing = 0;
		};
		BA3FC30E28377F9600D3CC8E /* Resources */ = {
			isa = PBXResourcesBuildPhase;
			buildActionMask = 2147483647;
			files = (
			);
			runOnlyForDeploymentPostprocessing = 0;
		};
		BA3FC31828377F9600D3CC8E /* Resources */ = {
			isa = PBXResourcesBuildPhase;
			buildActionMask = 2147483647;
			files = (
			);
			runOnlyForDeploymentPostprocessing = 0;
		};
/* End PBXResourcesBuildPhase section */

/* Begin PBXSourcesBuildPhase section */
		BA3FC2FC28377F9500D3CC8E /* Sources */ = {
			isa = PBXSourcesBuildPhase;
			buildActionMask = 2147483647;
			files = (
				BA3FC33728378A1E00D3CC8E /* ButtonList7to*.swift in Sources */,
				BA3FC33C28378EE900D3CC8E /* CalculatedPage.swift in Sources */,
				BAE763AF283791AC003C30D3 /* CalculatorDataSheet.swift in Sources */,
				BA3FC333283789F800D3CC8E /* ButtonList4to-.swift in Sources */,
				BA3FC32F283785AB00D3CC8E /* ButtonList0to=.swift in Sources */,
				BA3FC30628377F9500D3CC8E /* ContentView.swift in Sources */,
				BA55C59F283E699800F46146 /* calculator2.swift in Sources */,
				BA3FC33928378B0800D3CC8E /* ButtonListActo:.swift in Sources */,
				BA3FC3312837889E00D3CC8E /* ButtonList1to+.swift in Sources */,
				BA3FC30428377F9500D3CC8E /* calculatorApp.swift in Sources */,
			);
			runOnlyForDeploymentPostprocessing = 0;
		};
		BA3FC30C28377F9600D3CC8E /* Sources */ = {
			isa = PBXSourcesBuildPhase;
			buildActionMask = 2147483647;
			files = (
				BA3FC31528377F9600D3CC8E /* calculatorTests.swift in Sources */,
			);
			runOnlyForDeploymentPostprocessing = 0;
		};
		BA3FC31628377F9600D3CC8E /* Sources */ = {
			isa = PBXSourcesBuildPhase;
			buildActionMask = 2147483647;
			files = (
				BA3FC32128377F9600D3CC8E /* calculatorUITestsLaunchTests.swift in Sources */,
				BA3FC31F28377F9600D3CC8E /* calculatorUITests.swift in Sources */,
			);
			runOnlyForDeploymentPostprocessing = 0;
		};
/* End PBXSourcesBuildPhase section */

/* Begin PBXTargetDependency section */
		BA3FC31228377F9600D3CC8E /* PBXTargetDependency */ = {
			isa = PBXTargetDependency;
			target = BA3FC2FF28377F9500D3CC8E /* calculator */;
			targetProxy = BA3FC31128377F9600D3CC8E /* PBXContainerItemProxy */;
		};
		BA3FC31C28377F9600D3CC8E /* PBXTargetDependency */ = {
			isa = PBXTargetDependency;
			target = BA3FC2FF28377F9500D3CC8E /* calculator */;
			targetProxy = BA3FC31B28377F9600D3CC8E /* PBXContainerItemProxy */;
		};
/* End PBXTargetDependency section */

/* Begin XCBuildConfiguration section */
		BA3FC32228377F9600D3CC8E /* Debug */ = {
			isa = XCBuildConfiguration;
			buildSettings = {
				ALWAYS_SEARCH_USER_PATHS = NO;
				CLANG_ANALYZER_NONNULL = YES;
				CLANG_ANALYZER_NUMBER_OBJECT_CONVERSION = YES_AGGRESSIVE;
				CLANG_CXX_LANGUAGE_STANDARD = "gnu++17";
				CLANG_ENABLE_MODULES = YES;
				CLANG_ENABLE_OBJC_ARC = YES;
				CLANG_ENABLE_OBJC_WEAK = YES;
				CLANG_WARN_BLOCK_CAPTURE_AUTORELEASING = YES;
				CLANG_WARN_BOOL_CONVERSION = YES;
				CLANG_WARN_COMMA = YES;
				CLANG_WARN_CONSTANT_CONVERSION = YES;
				CLANG_WARN_DEPRECATED_OBJC_IMPLEMENTATIONS = YES;
				CLANG_WARN_DIRECT_OBJC_ISA_USAGE = YES_ERROR;
				CLANG_WARN_DOCUMENTATION_COMMENTS = YES;
				CLANG_WARN_EMPTY_BODY = YES;
				CLANG_WARN_ENUM_CONVERSION = YES;
				CLANG_WARN_INFINITE_RECURSION = YES;
				CLANG_WARN_INT_CONVERSION = YES;
				CLANG_WARN_NON_LITERAL_NULL_CONVERSION = YES;
				CLANG_WARN_OBJC_IMPLICIT_RETAIN_SELF = YES;
				CLANG_WARN_OBJC_LITERAL_CONVERSION = YES;
				CLANG_WARN_OBJC_ROOT_CLASS = YES_ERROR;
				CLANG_WARN_QUOTED_INCLUDE_IN_FRAMEWORK_HEADER = YES;
				CLANG_WARN_RANGE_LOOP_ANALYSIS = YES;
				CLANG_WARN_STRICT_PROTOTYPES = YES;
				CLANG_WARN_SUSPICIOUS_MOVE = YES;
				CLANG_WARN_UNGUARDED_AVAILABILITY = YES_AGGRESSIVE;
				CLANG_WARN_UNREACHABLE_CODE = YES;
				CLANG_WARN__DUPLICATE_METHOD_MATCH = YES;
				COPY_PHASE_STRIP = NO;
				DEBUG_INFORMATION_FORMAT = dwarf;
				ENABLE_STRICT_OBJC_MSGSEND = YES;
				ENABLE_TESTABILITY = YES;
				GCC_C_LANGUAGE_STANDARD = gnu11;
				GCC_DYNAMIC_NO_PIC = NO;
				GCC_NO_COMMON_BLOCKS = YES;
				GCC_OPTIMIZATION_LEVEL = 0;
				GCC_PREPROCESSOR_DEFINITIONS = (
					"DEBUG=1",
					"$(inherited)",
				);
				GCC_WARN_64_TO_32_BIT_CONVERSION = YES;
				GCC_WARN_ABOUT_RETURN_TYPE = YES_ERROR;
				GCC_WARN_UNDECLARED_SELECTOR = YES;
				GCC_WARN_UNINITIALIZED_AUTOS = YES_AGGRESSIVE;
				GCC_WARN_UNUSED_FUNCTION = YES;
				GCC_WARN_UNUSED_VARIABLE = YES;
				IPHONEOS_DEPLOYMENT_TARGET = 15.5;
				MTL_ENABLE_DEBUG_INFO = INCLUDE_SOURCE;
				MTL_FAST_MATH = YES;
				ONLY_ACTIVE_ARCH = YES;
				SDKROOT = iphoneos;
				SWIFT_ACTIVE_COMPILATION_CONDITIONS = DEBUG;
				SWIFT_OPTIMIZATION_LEVEL = "-Onone";
			};
			name = Debug;
		};
		BA3FC32328377F9600D3CC8E /* Release */ = {
			isa = XCBuildConfiguration;
			buildSettings = {
				ALWAYS_SEARCH_USER_PATHS = NO;
				CLANG_ANALYZER_NONNULL = YES;
				CLANG_ANALYZER_NUMBER_OBJECT_CONVERSION = YES_AGGRESSIVE;
				CLANG_CXX_LANGUAGE_STANDARD = "gnu++17";
				CLANG_ENABLE_MODULES = YES;
				CLANG_ENABLE_OBJC_ARC = YES;
				CLANG_ENABLE_OBJC_WEAK = YES;
				CLANG_WARN_BLOCK_CAPTURE_AUTORELEASING = YES;
				CLANG_WARN_BOOL_CONVERSION = YES;
				CLANG_WARN_COMMA = YES;
				CLANG_WARN_CONSTANT_CONVERSION = YES;
				CLANG_WARN_DEPRECATED_OBJC_IMPLEMENTATIONS = YES;
				CLANG_WARN_DIRECT_OBJC_ISA_USAGE = YES_ERROR;
				CLANG_WARN_DOCUMENTATION_COMMENTS = YES;
				CLANG_WARN_EMPTY_BODY = YES;
				CLANG_WARN_ENUM_CONVERSION = YES;
				CLANG_WARN_INFINITE_RECURSION = YES;
				CLANG_WARN_INT_CONVERSION = YES;
				CLANG_WARN_NON_LITERAL_NULL_CONVERSION = YES;
				CLANG_WARN_OBJC_IMPLICIT_RETAIN_SELF = YES;
				CLANG_WARN_OBJC_LITERAL_CONVERSION = YES;
				CLANG_WARN_OBJC_ROOT_CLASS = YES_ERROR;
				CLANG_WARN_QUOTED_INCLUDE_IN_FRAMEWORK_HEADER = YES;
				CLANG_WARN_RANGE_LOOP_ANALYSIS = YES;
				CLANG_WARN_STRICT_PROTOTYPES = YES;
				CLANG_WARN_SUSPICIOUS_MOVE = YES;
				CLANG_WARN_UNGUARDED_AVAILABILITY = YES_AGGRESSIVE;
				CLANG_WARN_UNREACHABLE_CODE = YES;
				CLANG_WARN__DUPLICATE_METHOD_MATCH = YES;
				COPY_PHASE_STRIP = NO;
				DEBUG_INFORMATION_FORMAT = "dwarf-with-dsym";
				ENABLE_NS_ASSERTIONS = NO;
				ENABLE_STRICT_OBJC_MSGSEND = YES;
				GCC_C_LANGUAGE_STANDARD = gnu11;
				GCC_NO_COMMON_BLOCKS = YES;
				GCC_WARN_64_TO_32_BIT_CONVERSION = YES;
				GCC_WARN_ABOUT_RETURN_TYPE = YES_ERROR;
				GCC_WARN_UNDECLARED_SELECTOR = YES;
				GCC_WARN_UNINITIALIZED_AUTOS = YES_AGGRESSIVE;
				GCC_WARN_UNUSED_FUNCTION = YES;
				GCC_WARN_UNUSED_VARIABLE = YES;
				IPHONEOS_DEPLOYMENT_TARGET = 15.5;
				MTL_ENABLE_DEBUG_INFO = NO;
				MTL_FAST_MATH = YES;
				SDKROOT = iphoneos;
				SWIFT_COMPILATION_MODE = wholemodule;
				SWIFT_OPTIMIZATION_LEVEL = "-O";
				VALIDATE_PRODUCT = YES;
			};
			name = Release;
		};
		BA3FC32528377F9600D3CC8E /* Debug */ = {
			isa = XCBuildConfiguration;
			buildSettings = {
				ASSETCATALOG_COMPILER_APPICON_NAME = AppIcon;
				ASSETCATALOG_COMPILER_GLOBAL_ACCENT_COLOR_NAME = AccentColor;
				CODE_SIGN_STYLE = Automatic;
				CURRENT_PROJECT_VERSION = 1;
				DEVELOPMENT_ASSET_PATHS = "\"calculator/Preview Content\"";
				DEVELOPMENT_TEAM = VYAAXRZFXH;
				ENABLE_PREVIEWS = YES;
				GENERATE_INFOPLIST_FILE = YES;
				INFOPLIST_KEY_UIApplicationSceneManifest_Generation = YES;
				INFOPLIST_KEY_UIApplicationSupportsIndirectInputEvents = YES;
				INFOPLIST_KEY_UILaunchScreen_Generation = YES;
				INFOPLIST_KEY_UISupportedInterfaceOrientations_iPad = "UIInterfaceOrientationPortrait UIInterfaceOrientationPortraitUpsideDown UIInterfaceOrientationLandscapeLeft UIInterfaceOrientationLandscapeRight";
				INFOPLIST_KEY_UISupportedInterfaceOrientations_iPhone = "UIInterfaceOrientationPortrait UIInterfaceOrientationLandscapeLeft UIInterfaceOrientationLandscapeRight";
				LD_RUNPATH_SEARCH_PATHS = (
					"$(inherited)",
					"@executable_path/Frameworks",
				);
				MARKETING_VERSION = 1.0;
				PRODUCT_BUNDLE_IDENTIFIER = com.badger.calculator;
				PRODUCT_NAME = "$(TARGET_NAME)";
				SWIFT_EMIT_LOC_STRINGS = YES;
				SWIFT_VERSION = 5.0;
				TARGETED_DEVICE_FAMILY = "1,2";
			};
			name = Debug;
		};
		BA3FC32628377F9600D3CC8E /* Release */ = {
			isa = XCBuildConfiguration;
			buildSettings = {
				ASSETCATALOG_COMPILER_APPICON_NAME = AppIcon;
				ASSETCATALOG_COMPILER_GLOBAL_ACCENT_COLOR_NAME = AccentColor;
				CODE_SIGN_STYLE = Automatic;
				CURRENT_PROJECT_VERSION = 1;
				DEVELOPMENT_ASSET_PATHS = "\"calculator/Preview Content\"";
				DEVELOPMENT_TEAM = VYAAXRZFXH;
				ENABLE_PREVIEWS = YES;
				GENERATE_INFOPLIST_FILE = YES;
				INFOPLIST_KEY_UIApplicationSceneManifest_Generation = YES;
				INFOPLIST_KEY_UIApplicationSupportsIndirectInputEvents = YES;
				INFOPLIST_KEY_UILaunchScreen_Generation = YES;
				INFOPLIST_KEY_UISupportedInterfaceOrientations_iPad = "UIInterfaceOrientationPortrait UIInterfaceOrientationPortraitUpsideDown UIInterfaceOrientationLandscapeLeft UIInterfaceOrientationLandscapeRight";
				INFOPLIST_KEY_UISupportedInterfaceOrientations_iPhone = "UIInterfaceOrientationPortrait UIInterfaceOrientationLandscapeLeft UIInterfaceOrientationLandscapeRight";
				LD_RUNPATH_SEARCH_PATHS = (
					"$(inherited)",
					"@executable_path/Frameworks",
				);
				MARKETING_VERSION = 1.0;
				PRODUCT_BUNDLE_IDENTIFIER = com.badger.calculator;
				PRODUCT_NAME = "$(TARGET_NAME)";
				SWIFT_EMIT_LOC_STRINGS = YES;
				SWIFT_VERSION = 5.0;
				TARGETED_DEVICE_FAMILY = "1,2";
			};
			name = Release;
		};
		BA3FC32828377F9600D3CC8E /* Debug */ = {
			isa = XCBuildConfiguration;
			buildSettings = {
				ALWAYS_EMBED_SWIFT_STANDARD_LIBRARIES = YES;
				BUNDLE_LOADER = "$(TEST_HOST)";
				CODE_SIGN_STYLE = Automatic;
				CURRENT_PROJECT_VERSION = 1;
				DEVELOPMENT_TEAM = VYAAXRZFXH;
				GENERATE_INFOPLIST_FILE = YES;
				IPHONEOS_DEPLOYMENT_TARGET = 15.5;
				MARKETING_VERSION = 1.0;
				PRODUCT_BUNDLE_IDENTIFIER = com.badger.calculatorTests;
				PRODUCT_NAME = "$(TARGET_NAME)";
				SWIFT_EMIT_LOC_STRINGS = NO;
				SWIFT_VERSION = 5.0;
				TARGETED_DEVICE_FAMILY = "1,2";
				TEST_HOST = "$(BUILT_PRODUCTS_DIR)/calculator.app/calculator";
			};
			name = Debug;
		};
		BA3FC32928377F9600D3CC8E /* Release */ = {
			isa = XCBuildConfiguration;
			buildSettings = {
				ALWAYS_EMBED_SWIFT_STANDARD_LIBRARIES = YES;
				BUNDLE_LOADER = "$(TEST_HOST)";
				CODE_SIGN_STYLE = Automatic;
				CURRENT_PROJECT_VERSION = 1;
				DEVELOPMENT_TEAM = VYAAXRZFXH;
				GENERATE_INFOPLIST_FILE = YES;
				IPHONEOS_DEPLOYMENT_TARGET = 15.5;
				MARKETING_VERSION = 1.0;
				PRODUCT_BUNDLE_IDENTIFIER = com.badger.calculatorTests;
				PRODUCT_NAME = "$(TARGET_NAME)";
				SWIFT_EMIT_LOC_STRINGS = NO;
				SWIFT_VERSION = 5.0;
				TARGETED_DEVICE_FAMILY = "1,2";
				TEST_HOST = "$(BUILT_PRODUCTS_DIR)/calculator.app/calculator";
			};
			name = Release;
		};
		BA3FC32B28377F9600D3CC8E /* Debug */ = {
			isa = XCBuildConfiguration;
			buildSettings = {
				ALWAYS_EMBED_SWIFT_STANDARD_LIBRARIES = YES;
				CODE_SIGN_STYLE = Automatic;
				CURRENT_PROJECT_VERSION = 1;
				DEVELOPMENT_TEAM = VYAAXRZFXH;
				GENERATE_INFOPLIST_FILE = YES;
				MARKETING_VERSION = 1.0;
				PRODUCT_BUNDLE_IDENTIFIER = com.badger.calculatorUITests;
				PRODUCT_NAME = "$(TARGET_NAME)";
				SWIFT_EMIT_LOC_STRINGS = NO;
				SWIFT_VERSION = 5.0;
				TARGETED_DEVICE_FAMILY = "1,2";
				TEST_TARGET_NAME = calculator;
			};
			name = Debug;
		};
		BA3FC32C28377F9600D3CC8E /* Release */ = {
			isa = XCBuildConfiguration;
			buildSettings = {
				ALWAYS_EMBED_SWIFT_STANDARD_LIBRARIES = YES;
				CODE_SIGN_STYLE = Automatic;
				CURRENT_PROJECT_VERSION = 1;
				DEVELOPMENT_TEAM = VYAAXRZFXH;
				GENERATE_INFOPLIST_FILE = YES;
				MARKETING_VERSION = 1.0;
				PRODUCT_BUNDLE_IDENTIFIER = com.badger.calculatorUITests;
				PRODUCT_NAME = "$(TARGET_NAME)";
				SWIFT_EMIT_LOC_STRINGS = NO;
				SWIFT_VERSION = 5.0;
				TARGETED_DEVICE_FAMILY = "1,2";
				TEST_TARGET_NAME = calculator;
			};
			name = Release;
		};
/* End XCBuildConfiguration section */

/* Begin XCConfigurationList section */
		BA3FC2FB28377F9500D3CC8E /* Build configuration list for PBXProject "calculator" */ = {
			isa = XCConfigurationList;
			buildConfigurations = (
				BA3FC32228377F9600D3CC8E /* Debug */,
				BA3FC32328377F9600D3CC8E /* Release */,
			);
			defaultConfigurationIsVisible = 0;
			defaultConfigurationName = Release;
		};
		BA3FC32428377F9600D3CC8E /* Build configuration list for PBXNativeTarget "calculator" */ = {
			isa = XCConfigurationList;
			buildConfigurations = (
				BA3FC32528377F9600D3CC8E /* Debug */,
				BA3FC32628377F9600D3CC8E /* Release */,
			);
			defaultConfigurationIsVisible = 0;
			defaultConfigurationName = Release;
		};
		BA3FC32728377F9600D3CC8E /* Build configuration list for PBXNativeTarget "calculatorTests" */ = {
			isa = XCConfigurationList;
			buildConfigurations = (
				BA3FC32828377F9600D3CC8E /* Debug */,
				BA3FC32928377F9600D3CC8E /* Release */,
			);
			defaultConfigurationIsVisible = 0;
			defaultConfigurationName = Release;
		};
		BA3FC32A28377F9600D3CC8E /* Build configuration list for PBXNativeTarget "calculatorUITests" */ = {
			isa = XCConfigurationList;
			buildConfigurations = (
				BA3FC32B28377F9600D3CC8E /* Debug */,
				BA3FC32C28377F9600D3CC8E /* Release */,
			);
			defaultConfigurationIsVisible = 0;
			defaultConfigurationName = Release;
		};
/* End XCConfigurationList section */
	};
	rootObject = BA3FC2F828377F9500D3CC8E /* Project object */;
}
